
Microsoft Visual Studio Solution File, Format Version 12.00
Project("{FAE04EC0-301F-11D3-BF4B-00C04F79EFBC}") = "FlowAvalonia", "FlowAvalonia\FlowAvalonia.csproj", "{A96724FF-4172-4CD1-BBBF-FB4EE28CC9CD}"
EndProject
Project("{FAE04EC0-301F-11D3-BF4B-00C04F79EFBC}") = "Flow.Launcher.Plugin.Program", "Plugins\Flow.Launcher.Plugin.Program\Flow.Launcher.Plugin.Program.csproj", "{FDB3555B-58EF-4AE6-B5F1-904719637AB4}"
EndProject
Project("{2150E333-8FDC-42A3-9474-1A3956D46DE8}") = "Plugins", "Plugins", "{43F9F5AE-CBCB-4349-B0AE-67D9CDCE5033}"
EndProject
Project("{FAE04EC0-301F-11D3-BF4B-00C04F79EFBC}") = "Flow.Launcher.Plugin", "Flow.Launcher.Plugin\Flow.Launcher.Plugin.csproj", "{8451ECDD-2EA4-4966-BB0A-7BBC40138E80}"
EndProject
Global
	GlobalSection(SolutionConfigurationPlatforms) = preSolution
		Debug|Any CPU = Debug|Any CPU
		Release|Any CPU = Release|Any CPU
	EndGlobalSection
	GlobalSection(ProjectConfigurationPlatforms) = postSolution
		{A96724FF-4172-4CD1-BBBF-FB4EE28CC9CD}.Debug|Any CPU.ActiveCfg = Debug|Any CPU
		{A96724FF-4172-4CD1-BBBF-FB4EE28CC9CD}.Debug|Any CPU.Build.0 = Debug|Any CPU
		{A96724FF-4172-4CD1-BBBF-FB4EE28CC9CD}.Release|Any CPU.ActiveCfg = Release|Any CPU
		{A96724FF-4172-4CD1-BBBF-FB4EE28CC9CD}.Release|Any CPU.Build.0 = Release|Any CPU
		{FDB3555B-58EF-4AE6-B5F1-904719637AB4}.Debug|Any CPU.ActiveCfg = Debug|Any CPU
		{FDB3555B-58EF-4AE6-B5F1-904719637AB4}.Debug|Any CPU.Build.0 = Debug|Any CPU
		{FDB3555B-58EF-4AE6-B5F1-904719637AB4}.Release|Any CPU.ActiveCfg = Release|Any CPU
		{FDB3555B-58EF-4AE6-B5F1-904719637AB4}.Release|Any CPU.Build.0 = Release|Any CPU
		{8451ECDD-2EA4-4966-BB0A-7BBC40138E80}.Debug|Any CPU.ActiveCfg = Debug|Any CPU
		{8451ECDD-2EA4-4966-BB0A-7BBC40138E80}.Debug|Any CPU.Build.0 = Debug|Any CPU
		{8451ECDD-2EA4-4966-BB0A-7BBC40138E80}.Release|Any CPU.ActiveCfg = Release|Any CPU
		{8451ECDD-2EA4-4966-BB0A-7BBC40138E80}.Release|Any CPU.Build.0 = Release|Any CPU
	EndGlobalSection
	GlobalSection(NestedProjects) = preSolution
		{FDB3555B-58EF-4AE6-B5F1-904719637AB4} = {43F9F5AE-CBCB-4349-B0AE-67D9CDCE5033}
	EndGlobalSection
EndGlobal
